// !$*UTF8*$!
{
	archiveVersion = 1;
	classes = {
	};
	objectVersion = 77;
	objects = {

/* Begin PBXBuildFile section */
		4A9473132D4F0DE70083E9BF /* AppDelegate.swift in Sources */ = {isa = PBXBuildFile; fileRef = 4A9473092D4F0DE70083E9BF /* AppDelegate.swift */; };
		4A9473142D4F0DE70083E9BF /* SceneDelegate.swift in Sources */ = {isa = PBXBuildFile; fileRef = 4A94730C2D4F0DE70083E9BF /* SceneDelegate.swift */; };
		4A9473152D4F0DE70083E9BF /* ViewController.swift in Sources */ = {isa = PBXBuildFile; fileRef = 4A9473112D4F0DE70083E9BF /* ViewController.swift */; };
		4A9473162D4F0DE70083E9BF /* Assets.xcassets in Resources */ = {isa = PBXBuildFile; fileRef = 4A94730A2D4F0DE70083E9BF /* Assets.xcassets */; };
		4A9473172D4F0DE70083E9BF /* LaunchScreen.storyboard in Resources */ = {isa = PBXBuildFile; fileRef = 4A94730B2D4F0DE70083E9BF /* LaunchScreen.storyboard */; };
		4A9473192D4F0DE70083E9BF /* Main.storyboard in Resources */ = {isa = PBXBuildFile; fileRef = 4A9473102D4F0DE70083E9BF /* Main.storyboard */; };
		4A94731D2D4F24A80083E9BF /* BoardView.swift in Sources */ = {isa = PBXBuildFile; fileRef = 4A94731C2D4F24A80083E9BF /* BoardView.swift */; };
		4A9473212D501E4B0083E9BF /* Extensions.swift in Sources */ = {isa = PBXBuildFile; fileRef = 4A9473202D501E4B0083E9BF /* Extensions.swift */; };
		4A9473232D5033AC0083E9BF /* TriangleView.swift in Sources */ = {isa = PBXBuildFile; fileRef = 4A9473222D5033AC0083E9BF /* TriangleView.swift */; };
		4AF8022F2D52B87900664B33 /* LightSourceView.swift in Sources */ = {isa = PBXBuildFile; fileRef = 4AF8022E2D52B87900664B33 /* LightSourceView.swift */; };
/* End PBXBuildFile section */

/* Begin PBXFileReference section */
		4A9472F12D4F0DB50083E9BF /* Prism.app */ = {isa = PBXFileReference; explicitFileType = wrapper.application; includeInIndex = 0; path = Prism.app; sourceTree = BUILT_PRODUCTS_DIR; };
		4A9473092D4F0DE70083E9BF /* AppDelegate.swift */ = {isa = PBXFileReference; lastKnownFileType = sourcecode.swift; path = AppDelegate.swift; sourceTree = "<group>"; };
		4A94730A2D4F0DE70083E9BF /* Assets.xcassets */ = {isa = PBXFileReference; lastKnownFileType = folder.assetcatalog; path = Assets.xcassets; sourceTree = "<group>"; };
		4A94730B2D4F0DE70083E9BF /* LaunchScreen.storyboard */ = {isa = PBXFileReference; lastKnownFileType = file.storyboard; path = LaunchScreen.storyboard; sourceTree = "<group>"; };
		4A94730C2D4F0DE70083E9BF /* SceneDelegate.swift */ = {isa = PBXFileReference; lastKnownFileType = sourcecode.swift; path = SceneDelegate.swift; sourceTree = "<group>"; };
		4A94730E2D4F0DE70083E9BF /* Info.plist */ = {isa = PBXFileReference; lastKnownFileType = text.plist.xml; path = Info.plist; sourceTree = "<group>"; };
		4A94730F2D4F0DE70083E9BF /* Base */ = {isa = PBXFileReference; lastKnownFileType = file.storyboard; name = Base; path = Base.lproj/Main.storyboard; sourceTree = "<group>"; };
		4A9473112D4F0DE70083E9BF /* ViewController.swift */ = {isa = PBXFileReference; lastKnownFileType = sourcecode.swift; path = ViewController.swift; sourceTree = "<group>"; };
		4A94731C2D4F24A80083E9BF /* BoardView.swift */ = {isa = PBXFileReference; lastKnownFileType = sourcecode.swift; path = BoardView.swift; sourceTree = "<group>"; };
		4A9473202D501E4B0083E9BF /* Extensions.swift */ = {isa = PBXFileReference; lastKnownFileType = sourcecode.swift; path = Extensions.swift; sourceTree = "<group>"; };
		4A9473222D5033AC0083E9BF /* TriangleView.swift */ = {isa = PBXFileReference; lastKnownFileType = sourcecode.swift; path = TriangleView.swift; sourceTree = "<group>"; };
		4AF8022E2D52B87900664B33 /* LightSourceView.swift */ = {isa = PBXFileReference; lastKnownFileType = sourcecode.swift; path = LightSourceView.swift; sourceTree = "<group>"; };
/* End PBXFileReference section */

/* Begin PBXFrameworksBuildPhase section */
		4A9472EE2D4F0DB50083E9BF /* Frameworks */ = {
			isa = PBXFrameworksBuildPhase;
			buildActionMask = 2147483647;
			files = (
			);
			runOnlyForDeploymentPostprocessing = 0;
		};
/* End PBXFrameworksBuildPhase section */

/* Begin PBXGroup section */
		4A9472E82D4F0DB50083E9BF = {
			isa = PBXGroup;
			children = (
				4A9473122D4F0DE70083E9BF /* Prism */,
				4A9472F22D4F0DB50083E9BF /* Products */,
			);
			sourceTree = "<group>";
		};
		4A9472F22D4F0DB50083E9BF /* Products */ = {
			isa = PBXGroup;
			children = (
				4A9472F12D4F0DB50083E9BF /* Prism.app */,
			);
			name = Products;
			sourceTree = "<group>";
		};
		4A94730D2D4F0DE70083E9BF /* Supporting Files */ = {
			isa = PBXGroup;
			children = (
				4A9473092D4F0DE70083E9BF /* AppDelegate.swift */,
				4A94730C2D4F0DE70083E9BF /* SceneDelegate.swift */,
				4A94730B2D4F0DE70083E9BF /* LaunchScreen.storyboard */,
				4A94730A2D4F0DE70083E9BF /* Assets.xcassets */,
			);
			path = "Supporting Files";
			sourceTree = "<group>";
		};
		4A9473122D4F0DE70083E9BF /* Prism */ = {
			isa = PBXGroup;
			children = (
				4A9473102D4F0DE70083E9BF /* Main.storyboard */,
				4A9473112D4F0DE70083E9BF /* ViewController.swift */,
				4A94731C2D4F24A80083E9BF /* BoardView.swift */,
				4AF8022E2D52B87900664B33 /* LightSourceView.swift */,
				4A9473222D5033AC0083E9BF /* TriangleView.swift */,
				4A9473202D501E4B0083E9BF /* Extensions.swift */,
				4A94730D2D4F0DE70083E9BF /* Supporting Files */,
				4A94730E2D4F0DE70083E9BF /* Info.plist */,
			);
			path = Prism;
			sourceTree = "<group>";
		};
/* End PBXGroup section */

/* Begin PBXNativeTarget section */
		4A9472F02D4F0DB50083E9BF /* Prism */ = {
			isa = PBXNativeTarget;
			buildConfigurationList = 4A9473042D4F0DBE0083E9BF /* Build configuration list for PBXNativeTarget "Prism" */;
			buildPhases = (
				4A9472ED2D4F0DB50083E9BF /* Sources */,
				4A9472EE2D4F0DB50083E9BF /* Frameworks */,
				4A9472EF2D4F0DB50083E9BF /* Resources */,
			);
			buildRules = (
			);
			dependencies = (
			);
			name = Prism;
			packageProductDependencies = (
			);
			productName = Prism;
			productReference = 4A9472F12D4F0DB50083E9BF /* Prism.app */;
			productType = "com.apple.product-type.application";
		};
/* End PBXNativeTarget section */

/* Begin PBXProject section */
		4A9472E92D4F0DB50083E9BF /* Project object */ = {
			isa = PBXProject;
			attributes = {
				BuildIndependentTargetsInParallel = 1;
				LastSwiftUpdateCheck = 1620;
				LastUpgradeCheck = 1620;
				TargetAttributes = {
					4A9472F02D4F0DB50083E9BF = {
						CreatedOnToolsVersion = 16.2;
					};
				};
			};
			buildConfigurationList = 4A9472EC2D4F0DB50083E9BF /* Build configuration list for PBXProject "Prism" */;
			developmentRegion = en;
			hasScannedForEncodings = 0;
			knownRegions = (
				en,
				Base,
			);
			mainGroup = 4A9472E82D4F0DB50083E9BF;
			minimizedProjectReferenceProxies = 1;
			preferredProjectObjectVersion = 77;
			productRefGroup = 4A9472F22D4F0DB50083E9BF /* Products */;
			projectDirPath = "";
			projectRoot = "";
			targets = (
				4A9472F02D4F0DB50083E9BF /* Prism */,
			);
		};
/* End PBXProject section */

/* Begin PBXResourcesBuildPhase section */
		4A9472EF2D4F0DB50083E9BF /* Resources */ = {
			isa = PBXResourcesBuildPhase;
			buildActionMask = 2147483647;
			files = (
				4A9473162D4F0DE70083E9BF /* Assets.xcassets in Resources */,
				4A9473172D4F0DE70083E9BF /* LaunchScreen.storyboard in Resources */,
				4A9473192D4F0DE70083E9BF /* Main.storyboard in Resources */,
			);
			runOnlyForDeploymentPostprocessing = 0;
		};
/* End PBXResourcesBuildPhase section */

/* Begin PBXSourcesBuildPhase section */
		4A9472ED2D4F0DB50083E9BF /* Sources */ = {
			isa = PBXSourcesBuildPhase;
			buildActionMask = 2147483647;
			files = (
				4A9473212D501E4B0083E9BF /* Extensions.swift in Sources */,
				4A9473132D4F0DE70083E9BF /* AppDelegate.swift in Sources */,
				4AF8022F2D52B87900664B33 /* LightSourceView.swift in Sources */,
				4A9473232D5033AC0083E9BF /* TriangleView.swift in Sources */,
				4A94731D2D4F24A80083E9BF /* BoardView.swift in Sources */,
				4A9473142D4F0DE70083E9BF /* SceneDelegate.swift in Sources */,
				4A9473152D4F0DE70083E9BF /* ViewController.swift in Sources */,
			);
			runOnlyForDeploymentPostprocessing = 0;
		};
/* End PBXSourcesBuildPhase section */

/* Begin PBXVariantGroup section */
		4A9473102D4F0DE70083E9BF /* Main.storyboard */ = {
			isa = PBXVariantGroup;
			children = (
				4A94730F2D4F0DE70083E9BF /* Base */,
			);
			name = Main.storyboard;
			sourceTree = "<group>";
		};
/* End PBXVariantGroup section */

/* Begin XCBuildConfiguration section */
		4A9473052D4F0DBE0083E9BF /* Debug */ = {
			isa = XCBuildConfiguration;
			buildSettings = {
				ASSETCATALOG_COMPILER_APPICON_NAME = AppIcon;
				ASSETCATALOG_COMPILER_GLOBAL_ACCENT_COLOR_NAME = AccentColor;
				CODE_SIGN_STYLE = Automatic;
				CURRENT_PROJECT_VERSION = 1;
				DEVELOPMENT_TEAM = 65Z9KA7SHC;
				GENERATE_INFOPLIST_FILE = YES;
				INFOPLIST_FILE = Prism/Info.plist;
				INFOPLIST_KEY_UIApplicationSupportsIndirectInputEvents = YES;
				INFOPLIST_KEY_UILaunchStoryboardName = LaunchScreen;
				INFOPLIST_KEY_UIMainStoryboardFile = Main;
				INFOPLIST_KEY_UISupportedInterfaceOrientations_iPad = "UIInterfaceOrientationPortrait UIInterfaceOrientationPortraitUpsideDown UIInterfaceOrientationLandscapeLeft UIInterfaceOrientationLandscapeRight";
				INFOPLIST_KEY_UISupportedInterfaceOrientations_iPhone = "UIInterfaceOrientationPortrait UIInterfaceOrientationLandscapeLeft UIInterfaceOrientationLandscapeRight";
				IPHONEOS_DEPLOYMENT_TARGET = 16.6;
				LD_RUNPATH_SEARCH_PATHS = (
					"$(inherited)",
					"@executable_path/Frameworks",
				);
				MARKETING_VERSION = 1.0;
				PRODUCT_BUNDLE_IDENTIFIER = com.stern.Prism;
				PRODUCT_NAME = "$(TARGET_NAME)";
				SWIFT_EMIT_LOC_STRINGS = YES;
				SWIFT_VERSION = 5.0;
				TARGETED_DEVICE_FAMILY = "1,2";
			};
			name = Debug;
		};
		4A9473062D4F0DBE0083E9BF /* Release */ = {
			isa = XCBuildConfiguration;
			buildSettings = {
				ASSETCATALOG_COMPILER_APPICON_NAME = AppIcon;
				ASSETCATALOG_COMPILER_GLOBAL_ACCENT_COLOR_NAME = AccentColor;
				CODE_SIGN_STYLE = Automatic;
				CURRENT_PROJECT_VERSION = 1;
				DEVELOPMENT_TEAM = 65Z9KA7SHC;
				GENERATE_INFOPLIST_FILE = YES;
				INFOPLIST_FILE = Prism/Info.plist;
				INFOPLIST_KEY_UIApplicationSupportsIndirectInputEvents = YES;
				INFOPLIST_KEY_UILaunchStoryboardName = LaunchScreen;
				INFOPLIST_KEY_UIMainStoryboardFile = Main;
				INFOPLIST_KEY_UISupportedInterfaceOrientations_iPad = "UIInterfaceOrientationPortrait UIInterfaceOrientationPortraitUpsideDown UIInterfaceOrientationLandscapeLeft UIInterfaceOrientationLandscapeRight";
				INFOPLIST_KEY_UISupportedInterfaceOrientations_iPhone = "UIInterfaceOrientationPortrait UIInterfaceOrientationLandscapeLeft UIInterfaceOrientationLandscapeRight";
				IPHONEOS_DEPLOYMENT_TARGET = 16.6;
				LD_RUNPATH_SEARCH_PATHS = (
					"$(inherited)",
					"@executable_path/Frameworks",
				);
				MARKETING_VERSION = 1.0;
				PRODUCT_BUNDLE_IDENTIFIER = com.stern.Prism;
				PRODUCT_NAME = "$(TARGET_NAME)";
				SWIFT_EMIT_LOC_STRINGS = YES;
				SWIFT_VERSION = 5.0;
				TARGETED_DEVICE_FAMILY = "1,2";
			};
			name = Release;
		};
		4A9473072D4F0DBE0083E9BF /* Debug */ = {
			isa = XCBuildConfiguration;
			buildSettings = {
				ALWAYS_SEARCH_USER_PATHS = NO;
				ASSETCATALOG_COMPILER_GENERATE_SWIFT_ASSET_SYMBOL_EXTENSIONS = YES;
				CLANG_ANALYZER_NONNULL = YES;
				CLANG_ANALYZER_NUMBER_OBJECT_CONVERSION = YES_AGGRESSIVE;
				CLANG_CXX_LANGUAGE_STANDARD = "gnu++20";
				CLANG_ENABLE_MODULES = YES;
				CLANG_ENABLE_OBJC_ARC = YES;
				CLANG_ENABLE_OBJC_WEAK = YES;
				CLANG_WARN_BLOCK_CAPTURE_AUTORELEASING = YES;
				CLANG_WARN_BOOL_CONVERSION = YES;
				CLANG_WARN_COMMA = YES;
				CLANG_WARN_CONSTANT_CONVERSION = YES;
				CLANG_WARN_DEPRECATED_OBJC_IMPLEMENTATIONS = YES;
				CLANG_WARN_DIRECT_OBJC_ISA_USAGE = YES_ERROR;
				CLANG_WARN_DOCUMENTATION_COMMENTS = YES;
				CLANG_WARN_EMPTY_BODY = YES;
				CLANG_WARN_ENUM_CONVERSION = YES;
				CLANG_WARN_INFINITE_RECURSION = YES;
				CLANG_WARN_INT_CONVERSION = YES;
				CLANG_WARN_NON_LITERAL_NULL_CONVERSION = YES;
				CLANG_WARN_OBJC_IMPLICIT_RETAIN_SELF = YES;
				CLANG_WARN_OBJC_LITERAL_CONVERSION = YES;
				CLANG_WARN_OBJC_ROOT_CLASS = YES_ERROR;
				CLANG_WARN_QUOTED_INCLUDE_IN_FRAMEWORK_HEADER = YES;
				CLANG_WARN_RANGE_LOOP_ANALYSIS = YES;
				CLANG_WARN_STRICT_PROTOTYPES = YES;
				CLANG_WARN_SUSPICIOUS_MOVE = YES;
				CLANG_WARN_UNGUARDED_AVAILABILITY = YES_AGGRESSIVE;
				CLANG_WARN_UNREACHABLE_CODE = YES;
				CLANG_WARN__DUPLICATE_METHOD_MATCH = YES;
				COPY_PHASE_STRIP = NO;
				DEBUG_INFORMATION_FORMAT = dwarf;
				ENABLE_STRICT_OBJC_MSGSEND = YES;
				ENABLE_TESTABILITY = YES;
				ENABLE_USER_SCRIPT_SANDBOXING = YES;
				GCC_C_LANGUAGE_STANDARD = gnu17;
				GCC_DYNAMIC_NO_PIC = NO;
				GCC_NO_COMMON_BLOCKS = YES;
				GCC_OPTIMIZATION_LEVEL = 0;
				GCC_PREPROCESSOR_DEFINITIONS = (
					"DEBUG=1",
					"$(inherited)",
				);
				GCC_WARN_64_TO_32_BIT_CONVERSION = YES;
				GCC_WARN_ABOUT_RETURN_TYPE = YES_ERROR;
				GCC_WARN_UNDECLARED_SELECTOR = YES;
				GCC_WARN_UNINITIALIZED_AUTOS = YES_AGGRESSIVE;
				GCC_WARN_UNUSED_FUNCTION = YES;
				GCC_WARN_UNUSED_VARIABLE = YES;
				IPHONEOS_DEPLOYMENT_TARGET = 18.2;
				LOCALIZATION_PREFERS_STRING_CATALOGS = YES;
				MTL_ENABLE_DEBUG_INFO = INCLUDE_SOURCE;
				MTL_FAST_MATH = YES;
				ONLY_ACTIVE_ARCH = YES;
				SDKROOT = iphoneos;
				SWIFT_ACTIVE_COMPILATION_CONDITIONS = "DEBUG $(inherited)";
				SWIFT_OPTIMIZATION_LEVEL = "-Onone";
			};
			name = Debug;
		};
		4A9473082D4F0DBE0083E9BF /* Release */ = {
			isa = XCBuildConfiguration;
			buildSettings = {
				ALWAYS_SEARCH_USER_PATHS = NO;
				ASSETCATALOG_COMPILER_GENERATE_SWIFT_ASSET_SYMBOL_EXTENSIONS = YES;
				CLANG_ANALYZER_NONNULL = YES;
				CLANG_ANALYZER_NUMBER_OBJECT_CONVERSION = YES_AGGRESSIVE;
				CLANG_CXX_LANGUAGE_STANDARD = "gnu++20";
				CLANG_ENABLE_MODULES = YES;
				CLANG_ENABLE_OBJC_ARC = YES;
				CLANG_ENABLE_OBJC_WEAK = YES;
				CLANG_WARN_BLOCK_CAPTURE_AUTORELEASING = YES;
				CLANG_WARN_BOOL_CONVERSION = YES;
				CLANG_WARN_COMMA = YES;
				CLANG_WARN_CONSTANT_CONVERSION = YES;
				CLANG_WARN_DEPRECATED_OBJC_IMPLEMENTATIONS = YES;
				CLANG_WARN_DIRECT_OBJC_ISA_USAGE = YES_ERROR;
				CLANG_WARN_DOCUMENTATION_COMMENTS = YES;
				CLANG_WARN_EMPTY_BODY = YES;
				CLANG_WARN_ENUM_CONVERSION = YES;
				CLANG_WARN_INFINITE_RECURSION = YES;
				CLANG_WARN_INT_CONVERSION = YES;
				CLANG_WARN_NON_LITERAL_NULL_CONVERSION = YES;
				CLANG_WARN_OBJC_IMPLICIT_RETAIN_SELF = YES;
				CLANG_WARN_OBJC_LITERAL_CONVERSION = YES;
				CLANG_WARN_OBJC_ROOT_CLASS = YES_ERROR;
				CLANG_WARN_QUOTED_INCLUDE_IN_FRAMEWORK_HEADER = YES;
				CLANG_WARN_RANGE_LOOP_ANALYSIS = YES;
				CLANG_WARN_STRICT_PROTOTYPES = YES;
				CLANG_WARN_SUSPICIOUS_MOVE = YES;
				CLANG_WARN_UNGUARDED_AVAILABILITY = YES_AGGRESSIVE;
				CLANG_WARN_UNREACHABLE_CODE = YES;
				CLANG_WARN__DUPLICATE_METHOD_MATCH = YES;
				COPY_PHASE_STRIP = NO;
				DEBUG_INFORMATION_FORMAT = "dwarf-with-dsym";
				ENABLE_NS_ASSERTIONS = NO;
				ENABLE_STRICT_OBJC_MSGSEND = YES;
				ENABLE_USER_SCRIPT_SANDBOXING = YES;
				GCC_C_LANGUAGE_STANDARD = gnu17;
				GCC_NO_COMMON_BLOCKS = YES;
				GCC_WARN_64_TO_32_BIT_CONVERSION = YES;
				GCC_WARN_ABOUT_RETURN_TYPE = YES_ERROR;
				GCC_WARN_UNDECLARED_SELECTOR = YES;
				GCC_WARN_UNINITIALIZED_AUTOS = YES_AGGRESSIVE;
				GCC_WARN_UNUSED_FUNCTION = YES;
				GCC_WARN_UNUSED_VARIABLE = YES;
				IPHONEOS_DEPLOYMENT_TARGET = 18.2;
				LOCALIZATION_PREFERS_STRING_CATALOGS = YES;
				MTL_ENABLE_DEBUG_INFO = NO;
				MTL_FAST_MATH = YES;
				SDKROOT = iphoneos;
				SWIFT_COMPILATION_MODE = wholemodule;
				VALIDATE_PRODUCT = YES;
			};
			name = Release;
		};
/* End XCBuildConfiguration section */

/* Begin XCConfigurationList section */
		4A9472EC2D4F0DB50083E9BF /* Build configuration list for PBXProject "Prism" */ = {
			isa = XCConfigurationList;
			buildConfigurations = (
				4A9473072D4F0DBE0083E9BF /* Debug */,
				4A9473082D4F0DBE0083E9BF /* Release */,
			);
			defaultConfigurationIsVisible = 0;
			defaultConfigurationName = Release;
		};
		4A9473042D4F0DBE0083E9BF /* Build configuration list for PBXNativeTarget "Prism" */ = {
			isa = XCConfigurationList;
			buildConfigurations = (
				4A9473052D4F0DBE0083E9BF /* Debug */,
				4A9473062D4F0DBE0083E9BF /* Release */,
			);
			defaultConfigurationIsVisible = 0;
			defaultConfigurationName = Release;
		};
/* End XCConfigurationList section */
	};
	rootObject = 4A9472E92D4F0DB50083E9BF /* Project object */;
}
